{
  "name": "ARC-Game",
  "version": "1.0.0",
  "lockfileVersion": 1,
  "requires": true,
  "dependencies": {
    "@types/node": {
      "version": "16.4.3",
      "resolved": "https://registry.npmjs.org/@types/node/-/node-16.4.3.tgz",
      "integrity": "sha512-GKM4FLMkWDc0sfx7tXqPWkM6NBow1kge0fgQh0bOnlqo4iT1kvTvMEKE0c1RtUGnbLlGRXiAA8SumE//90uKAg=="
    },
    "canvas-renderer": {
      "version": "2.2.0",
      "resolved": "https://registry.npmjs.org/canvas-renderer/-/canvas-renderer-2.2.0.tgz",
      "integrity": "sha512-Itdq9pwXcs4IbbkRCXc7reeGBk6i6tlDtZTjE1yc+KvYkx1Mt3WLf6tidZ/Ixbm7Vmi+jpWKG0dRBor67x9yGw==",
      "requires": {
        "@types/node": "*"
      }
    },
    "jdenticon": {
      "version": "3.1.0",
      "resolved": "https://registry.npmjs.org/jdenticon/-/jdenticon-3.1.0.tgz",
      "integrity": "sha512-shf4UwvviUnGKMQWa2AttLgmP7tOPrXQ56aJv2ARdY6hs1RyIdxe7QlQQg4lriGwCxe4nv1nmqOZZdJQxOU/IA==",
      "requires": {
        "canvas-renderer": "~2.2.0"
      }
    }
  }
}
