{
  "name": "ARC-Game",
  "version": "1.0.0",
  "lockfileVersion": 1,
  "requires": true,
  "dependencies": {
    "@trysound/sax": {
      "version": "0.1.1",
      "resolved": "https://registry.npmjs.org/@trysound/sax/-/sax-0.1.1.tgz",
      "integrity": "sha512-Z6DoceYb/1xSg5+e+ZlPZ9v0N16ZvZ+wYMraFue4HYrE4ttONKtsvruIRf6t9TBR0YvSOfi1hUU0fJfBLCDYow==",
      "dev": true
    },
    "@types/node": {
      "version": "16.4.3",
      "resolved": "https://registry.npmjs.org/@types/node/-/node-16.4.3.tgz",
      "integrity": "sha512-GKM4FLMkWDc0sfx7tXqPWkM6NBow1kge0fgQh0bOnlqo4iT1kvTvMEKE0c1RtUGnbLlGRXiAA8SumE//90uKAg=="
    },
    "alphanum-sort": {
      "version": "1.0.2",
      "resolved": "https://registry.npmjs.org/alphanum-sort/-/alphanum-sort-1.0.2.tgz",
      "integrity": "sha1-l6ERlkmyEa0zaR2fn0hqjsn74KM=",
      "dev": true
    },
    "boolbase": {
      "version": "1.0.0",
      "resolved": "https://registry.npmjs.org/boolbase/-/boolbase-1.0.0.tgz",
      "integrity": "sha1-aN/1++YMUes3cl6p4+0xDcwed24=",
      "dev": true
    },
    "browserslist": {
      "version": "4.16.8",
      "resolved": "https://registry.npmjs.org/browserslist/-/browserslist-4.16.8.tgz",
      "integrity": "sha512-sc2m9ohR/49sWEbPj14ZSSZqp+kbi16aLao42Hmn3Z8FpjuMaq2xCA2l4zl9ITfyzvnvyE0hcg62YkIGKxgaNQ==",
      "dev": true,
      "requires": {
        "caniuse-lite": "^1.0.30001251",
        "colorette": "^1.3.0",
        "electron-to-chromium": "^1.3.811",
        "escalade": "^3.1.1",
        "node-releases": "^1.1.75"
      }
    },
    "caniuse-api": {
      "version": "3.0.0",
      "resolved": "https://registry.npmjs.org/caniuse-api/-/caniuse-api-3.0.0.tgz",
      "integrity": "sha512-bsTwuIg/BZZK/vreVTYYbSWoe2F+71P7K5QGEX+pT250DZbfU1MQ5prOKpPR+LL6uWKK3KMwMCAS74QB3Um1uw==",
      "dev": true,
      "requires": {
        "browserslist": "^4.0.0",
        "caniuse-lite": "^1.0.0",
        "lodash.memoize": "^4.1.2",
        "lodash.uniq": "^4.5.0"
      }
    },
    "caniuse-lite": {
      "version": "1.0.30001251",
      "resolved": "https://registry.npmjs.org/caniuse-lite/-/caniuse-lite-1.0.30001251.tgz",
      "integrity": "sha512-HOe1r+9VkU4TFmnU70z+r7OLmtR+/chB1rdcJUeQlAinjEeb0cKL20tlAtOagNZhbrtLnCvV19B4FmF1rgzl6A==",
      "dev": true
    },
    "canvas-renderer": {
      "version": "2.2.0",
      "resolved": "https://registry.npmjs.org/canvas-renderer/-/canvas-renderer-2.2.0.tgz",
      "integrity": "sha512-Itdq9pwXcs4IbbkRCXc7reeGBk6i6tlDtZTjE1yc+KvYkx1Mt3WLf6tidZ/Ixbm7Vmi+jpWKG0dRBor67x9yGw==",
      "requires": {
        "@types/node": "*"
      }
    },
    "colord": {
      "version": "2.7.0",
      "resolved": "https://registry.npmjs.org/colord/-/colord-2.7.0.tgz",
      "integrity": "sha512-pZJBqsHz+pYyw3zpX6ZRXWoCHM1/cvFikY9TV8G3zcejCaKE0lhankoj8iScyrrePA8C7yJ5FStfA9zbcOnw7Q==",
      "dev": true
    },
    "colorette": {
      "version": "1.3.0",
      "resolved": "https://registry.npmjs.org/colorette/-/colorette-1.3.0.tgz",
      "integrity": "sha512-ecORCqbSFP7Wm8Y6lyqMJjexBQqXSF7SSeaTyGGphogUjBlFP9m9o08wy86HL2uB7fMTxtOUzLMk7ogKcxMg1w==",
      "dev": true
    },
    "commander": {
      "version": "7.2.0",
      "resolved": "https://registry.npmjs.org/commander/-/commander-7.2.0.tgz",
      "integrity": "sha512-QrWXB+ZQSVPmIWIhtEO9H+gwHaMGYiF5ChvoJ+K9ZGHG/sVsa6yiesAD1GC/x46sET00Xlwo1u49RVVVzvcSkw==",
      "dev": true
    },
    "css-color-names": {
      "version": "1.0.1",
      "resolved": "https://registry.npmjs.org/css-color-names/-/css-color-names-1.0.1.tgz",
      "integrity": "sha512-/loXYOch1qU1biStIFsHH8SxTmOseh1IJqFvy8IujXOm1h+QjUdDhkzOrR5HG8K8mlxREj0yfi8ewCHx0eMxzA==",
      "dev": true
    },
    "css-declaration-sorter": {
      "version": "6.1.1",
      "resolved": "https://registry.npmjs.org/css-declaration-sorter/-/css-declaration-sorter-6.1.1.tgz",
      "integrity": "sha512-BZ1aOuif2Sb7tQYY1GeCjG7F++8ggnwUkH5Ictw0mrdpqpEd+zWmcPdstnH2TItlb74FqR0DrVEieon221T/1Q==",
      "dev": true,
      "requires": {
        "timsort": "^0.3.0"
      }
    },
    "css-select": {
      "version": "4.1.3",
      "resolved": "https://registry.npmjs.org/css-select/-/css-select-4.1.3.tgz",
      "integrity": "sha512-gT3wBNd9Nj49rAbmtFHj1cljIAOLYSX1nZ8CB7TBO3INYckygm5B7LISU/szY//YmdiSLbJvDLOx9VnMVpMBxA==",
      "dev": true,
      "requires": {
        "boolbase": "^1.0.0",
        "css-what": "^5.0.0",
        "domhandler": "^4.2.0",
        "domutils": "^2.6.0",
        "nth-check": "^2.0.0"
      }
    },
    "css-tree": {
      "version": "1.1.3",
      "resolved": "https://registry.npmjs.org/css-tree/-/css-tree-1.1.3.tgz",
      "integrity": "sha512-tRpdppF7TRazZrjJ6v3stzv93qxRcSsFmW6cX0Zm2NVKpxE1WV1HblnghVv9TreireHkqI/VDEsfolRF1p6y7Q==",
      "dev": true,
      "requires": {
        "mdn-data": "2.0.14",
        "source-map": "^0.6.1"
      }
    },
    "css-what": {
      "version": "5.0.1",
      "resolved": "https://registry.npmjs.org/css-what/-/css-what-5.0.1.tgz",
      "integrity": "sha512-FYDTSHb/7KXsWICVsxdmiExPjCfRC4qRFBdVwv7Ax9hMnvMmEjP9RfxTEZ3qPZGmADDn2vAKSo9UcN1jKVYscg==",
      "dev": true
    },
    "cssesc": {
      "version": "3.0.0",
      "resolved": "https://registry.npmjs.org/cssesc/-/cssesc-3.0.0.tgz",
      "integrity": "sha512-/Tb/JcjK111nNScGob5MNtsntNM1aCNUDipB/TkwZFhyDrrE47SOx/18wF2bbjgc3ZzCSKW1T5nt5EbFoAz/Vg==",
      "dev": true
    },
    "cssnano": {
      "version": "5.0.8",
      "resolved": "https://registry.npmjs.org/cssnano/-/cssnano-5.0.8.tgz",
      "integrity": "sha512-Lda7geZU0Yu+RZi2SGpjYuQz4HI4/1Y+BhdD0jL7NXAQ5larCzVn+PUGuZbDMYz904AXXCOgO5L1teSvgu7aFg==",
      "dev": true,
      "requires": {
        "cssnano-preset-default": "^5.1.4",
        "is-resolvable": "^1.1.0",
        "lilconfig": "^2.0.3",
        "yaml": "^1.10.2"
      }
    },
    "cssnano-preset-default": {
      "version": "5.1.4",
      "resolved": "https://registry.npmjs.org/cssnano-preset-default/-/cssnano-preset-default-5.1.4.tgz",
      "integrity": "sha512-sPpQNDQBI3R/QsYxQvfB4mXeEcWuw0wGtKtmS5eg8wudyStYMgKOQT39G07EbW1LB56AOYrinRS9f0ig4Y3MhQ==",
      "dev": true,
      "requires": {
        "css-declaration-sorter": "^6.0.3",
        "cssnano-utils": "^2.0.1",
        "postcss-calc": "^8.0.0",
        "postcss-colormin": "^5.2.0",
        "postcss-convert-values": "^5.0.1",
        "postcss-discard-comments": "^5.0.1",
        "postcss-discard-duplicates": "^5.0.1",
        "postcss-discard-empty": "^5.0.1",
        "postcss-discard-overridden": "^5.0.1",
        "postcss-merge-longhand": "^5.0.2",
        "postcss-merge-rules": "^5.0.2",
        "postcss-minify-font-values": "^5.0.1",
        "postcss-minify-gradients": "^5.0.2",
        "postcss-minify-params": "^5.0.1",
        "postcss-minify-selectors": "^5.1.0",
        "postcss-normalize-charset": "^5.0.1",
        "postcss-normalize-display-values": "^5.0.1",
        "postcss-normalize-positions": "^5.0.1",
        "postcss-normalize-repeat-style": "^5.0.1",
        "postcss-normalize-string": "^5.0.1",
        "postcss-normalize-timing-functions": "^5.0.1",
        "postcss-normalize-unicode": "^5.0.1",
        "postcss-normalize-url": "^5.0.2",
        "postcss-normalize-whitespace": "^5.0.1",
        "postcss-ordered-values": "^5.0.2",
        "postcss-reduce-initial": "^5.0.1",
        "postcss-reduce-transforms": "^5.0.1",
        "postcss-svgo": "^5.0.2",
        "postcss-unique-selectors": "^5.0.1"
      }
    },
    "cssnano-utils": {
      "version": "2.0.1",
      "resolved": "https://registry.npmjs.org/cssnano-utils/-/cssnano-utils-2.0.1.tgz",
      "integrity": "sha512-i8vLRZTnEH9ubIyfdZCAdIdgnHAUeQeByEeQ2I7oTilvP9oHO6RScpeq3GsFUVqeB8uZgOQ9pw8utofNn32hhQ==",
      "dev": true
    },
    "csso": {
      "version": "4.2.0",
      "resolved": "https://registry.npmjs.org/csso/-/csso-4.2.0.tgz",
      "integrity": "sha512-wvlcdIbf6pwKEk7vHj8/Bkc0B4ylXZruLvOgs9doS5eOsOpuodOV2zJChSpkp+pRpYQLQMeF04nr3Z68Sta9jA==",
      "dev": true,
      "requires": {
        "css-tree": "^1.1.2"
      }
    },
    "dom-serializer": {
      "version": "1.3.2",
      "resolved": "https://registry.npmjs.org/dom-serializer/-/dom-serializer-1.3.2.tgz",
      "integrity": "sha512-5c54Bk5Dw4qAxNOI1pFEizPSjVsx5+bpJKmL2kPn8JhBUq2q09tTCa3mjijun2NfK78NMouDYNMBkOrPZiS+ig==",
      "dev": true,
      "requires": {
        "domelementtype": "^2.0.1",
        "domhandler": "^4.2.0",
        "entities": "^2.0.0"
      }
    },
    "domelementtype": {
      "version": "2.2.0",
      "resolved": "https://registry.npmjs.org/domelementtype/-/domelementtype-2.2.0.tgz",
      "integrity": "sha512-DtBMo82pv1dFtUmHyr48beiuq792Sxohr+8Hm9zoxklYPfa6n0Z3Byjj2IV7bmr2IyqClnqEQhfgHJJ5QF0R5A==",
      "dev": true
    },
    "domhandler": {
      "version": "4.2.0",
      "resolved": "https://registry.npmjs.org/domhandler/-/domhandler-4.2.0.tgz",
      "integrity": "sha512-zk7sgt970kzPks2Bf+dwT/PLzghLnsivb9CcxkvR8Mzr66Olr0Ofd8neSbglHJHaHa2MadfoSdNlKYAaafmWfA==",
      "dev": true,
      "requires": {
        "domelementtype": "^2.2.0"
      }
    },
    "domutils": {
      "version": "2.7.0",
      "resolved": "https://registry.npmjs.org/domutils/-/domutils-2.7.0.tgz",
      "integrity": "sha512-8eaHa17IwJUPAiB+SoTYBo5mCdeMgdcAoXJ59m6DT1vw+5iLS3gNoqYaRowaBKtGVrOF1Jz4yDTgYKLK2kvfJg==",
      "dev": true,
      "requires": {
        "dom-serializer": "^1.0.1",
        "domelementtype": "^2.2.0",
        "domhandler": "^4.2.0"
      }
    },
    "electron-to-chromium": {
      "version": "1.3.814",
      "resolved": "https://registry.npmjs.org/electron-to-chromium/-/electron-to-chromium-1.3.814.tgz",
      "integrity": "sha512-0mH03cyjh6OzMlmjauGg0TLd87ErIJqWiYxMcOLKf5w6p0YEOl7DJAj7BDlXEFmCguY5CQaKVOiMjAMODO2XDw==",
      "dev": true
    },
    "entities": {
      "version": "2.2.0",
      "resolved": "https://registry.npmjs.org/entities/-/entities-2.2.0.tgz",
      "integrity": "sha512-p92if5Nz619I0w+akJrLZH0MX0Pb5DX39XOwQTtXSdQQOaYH03S1uIQp4mhOZtAXrxq4ViO67YTiLBo2638o9A==",
      "dev": true
    },
    "escalade": {
      "version": "3.1.1",
      "resolved": "https://registry.npmjs.org/escalade/-/escalade-3.1.1.tgz",
      "integrity": "sha512-k0er2gUkLf8O0zKJiAhmkTnJlTvINGv7ygDNPbeIsX/TJjGJZHuh9B2UxbsaEkmlEo9MfhrSzmhIlhRlI2GXnw==",
      "dev": true
    },
    "images": {
      "version": "3.2.3",
      "resolved": "https://registry.npmjs.org/images/-/images-3.2.3.tgz",
      "integrity": "sha512-Ga7WPuo1krAdgE+pH641Q2NeAetJsNoU4wjC9DKGpSptWJ/Ljle6m2oA0XdO2c5ujy1Ups8UoH28ejR74m/vqQ=="
    },
    "is-absolute-url": {
      "version": "3.0.3",
      "resolved": "https://registry.npmjs.org/is-absolute-url/-/is-absolute-url-3.0.3.tgz",
      "integrity": "sha512-opmNIX7uFnS96NtPmhWQgQx6/NYFgsUXYMllcfzwWKUMwfo8kku1TvE6hkNcH+Q1ts5cMVrsY7j0bxXQDciu9Q==",
      "dev": true
    },
    "is-resolvable": {
      "version": "1.1.0",
      "resolved": "https://registry.npmjs.org/is-resolvable/-/is-resolvable-1.1.0.tgz",
      "integrity": "sha512-qgDYXFSR5WvEfuS5dMj6oTMEbrrSaM0CrFk2Yiq/gXnBvD9pMa2jGXxyhGLfvhZpuMZe18CJpFxAt3CRs42NMg==",
      "dev": true
    },
    "jdenticon": {
      "version": "3.1.0",
      "resolved": "https://registry.npmjs.org/jdenticon/-/jdenticon-3.1.0.tgz",
      "integrity": "sha512-shf4UwvviUnGKMQWa2AttLgmP7tOPrXQ56aJv2ARdY6hs1RyIdxe7QlQQg4lriGwCxe4nv1nmqOZZdJQxOU/IA==",
      "requires": {
        "canvas-renderer": "~2.2.0"
      }
    },
    "lilconfig": {
      "version": "2.0.3",
      "resolved": "https://registry.npmjs.org/lilconfig/-/lilconfig-2.0.3.tgz",
      "integrity": "sha512-EHKqr/+ZvdKCifpNrJCKxBTgk5XupZA3y/aCPY9mxfgBzmgh93Mt/WqjjQ38oMxXuvDokaKiM3lAgvSH2sjtHg==",
      "dev": true
    },
    "lodash.memoize": {
      "version": "4.1.2",
      "resolved": "https://registry.npmjs.org/lodash.memoize/-/lodash.memoize-4.1.2.tgz",
      "integrity": "sha1-vMbEmkKihA7Zl/Mj6tpezRguC/4=",
      "dev": true
    },
    "lodash.uniq": {
      "version": "4.5.0",
      "resolved": "https://registry.npmjs.org/lodash.uniq/-/lodash.uniq-4.5.0.tgz",
      "integrity": "sha1-0CJTc662Uq3BvILklFM5qEJ1R3M=",
      "dev": true
    },
    "mdn-data": {
      "version": "2.0.14",
      "resolved": "https://registry.npmjs.org/mdn-data/-/mdn-data-2.0.14.tgz",
      "integrity": "sha512-dn6wd0uw5GsdswPFfsgMp5NSB0/aDe6fK94YJV/AJDYXL6HVLWBsxeq7js7Ad+mU2K9LAlwpk6kN2D5mwCPVow==",
      "dev": true
    },
    "nanoid": {
      "version": "3.1.25",
      "resolved": "https://registry.npmjs.org/nanoid/-/nanoid-3.1.25.tgz",
      "integrity": "sha512-rdwtIXaXCLFAQbnfqDRnI6jaRHp9fTcYBjtFKE8eezcZ7LuLjhUaQGNeMXf1HmRoCH32CLz6XwX0TtxEOS/A3Q==",
      "dev": true
    },
    "node-releases": {
      "version": "1.1.75",
      "resolved": "https://registry.npmjs.org/node-releases/-/node-releases-1.1.75.tgz",
      "integrity": "sha512-Qe5OUajvqrqDSy6wrWFmMwfJ0jVgwiw4T3KqmbTcZ62qW0gQkheXYhcFM1+lOVcGUoRxcEcfyvFMAnDgaF1VWw==",
      "dev": true
    },
    "normalize-url": {
      "version": "6.1.0",
      "resolved": "https://registry.npmjs.org/normalize-url/-/normalize-url-6.1.0.tgz",
      "integrity": "sha512-DlL+XwOy3NxAQ8xuC0okPgK46iuVNAK01YN7RueYBqqFeGsBjV9XmCAzAdgt+667bCl5kPh9EqKKDwnaPG1I7A==",
      "dev": true
    },
    "nth-check": {
      "version": "2.0.0",
      "resolved": "https://registry.npmjs.org/nth-check/-/nth-check-2.0.0.tgz",
      "integrity": "sha512-i4sc/Kj8htBrAiH1viZ0TgU8Y5XqCaV/FziYK6TBczxmeKm3AEFWqqF3195yKudrarqy7Zu80Ra5dobFjn9X/Q==",
      "dev": true,
      "requires": {
        "boolbase": "^1.0.0"
      }
    },
    "postcss": {
      "version": "8.3.6",
      "resolved": "https://registry.npmjs.org/postcss/-/postcss-8.3.6.tgz",
      "integrity": "sha512-wG1cc/JhRgdqB6WHEuyLTedf3KIRuD0hG6ldkFEZNCjRxiC+3i6kkWUUbiJQayP28iwG35cEmAbe98585BYV0A==",
      "dev": true,
      "requires": {
        "colorette": "^1.2.2",
        "nanoid": "^3.1.23",
        "source-map-js": "^0.6.2"
      }
    },
    "postcss-calc": {
      "version": "8.0.0",
      "resolved": "https://registry.npmjs.org/postcss-calc/-/postcss-calc-8.0.0.tgz",
      "integrity": "sha512-5NglwDrcbiy8XXfPM11F3HeC6hoT9W7GUH/Zi5U/p7u3Irv4rHhdDcIZwG0llHXV4ftsBjpfWMXAnXNl4lnt8g==",
      "dev": true,
      "requires": {
        "postcss-selector-parser": "^6.0.2",
        "postcss-value-parser": "^4.0.2"
      }
    },
    "postcss-colormin": {
      "version": "5.2.0",
      "resolved": "https://registry.npmjs.org/postcss-colormin/-/postcss-colormin-5.2.0.tgz",
      "integrity": "sha512-+HC6GfWU3upe5/mqmxuqYZ9B2Wl4lcoUUNkoaX59nEWV4EtADCMiBqui111Bu8R8IvaZTmqmxrqOAqjbHIwXPw==",
      "dev": true,
      "requires": {
        "browserslist": "^4.16.6",
        "caniuse-api": "^3.0.0",
        "colord": "^2.0.1",
        "postcss-value-parser": "^4.1.0"
      }
    },
    "postcss-convert-values": {
      "version": "5.0.1",
      "resolved": "https://registry.npmjs.org/postcss-convert-values/-/postcss-convert-values-5.0.1.tgz",
      "integrity": "sha512-C3zR1Do2BkKkCgC0g3sF8TS0koF2G+mN8xxayZx3f10cIRmTaAnpgpRQZjNekTZxM2ciSPoh2IWJm0VZx8NoQg==",
      "dev": true,
      "requires": {
        "postcss-value-parser": "^4.1.0"
      }
    },
    "postcss-discard-comments": {
      "version": "5.0.1",
      "resolved": "https://registry.npmjs.org/postcss-discard-comments/-/postcss-discard-comments-5.0.1.tgz",
      "integrity": "sha512-lgZBPTDvWrbAYY1v5GYEv8fEO/WhKOu/hmZqmCYfrpD6eyDWWzAOsl2rF29lpvziKO02Gc5GJQtlpkTmakwOWg==",
      "dev": true
    },
    "postcss-discard-duplicates": {
      "version": "5.0.1",
      "resolved": "https://registry.npmjs.org/postcss-discard-duplicates/-/postcss-discard-duplicates-5.0.1.tgz",
      "integrity": "sha512-svx747PWHKOGpAXXQkCc4k/DsWo+6bc5LsVrAsw+OU+Ibi7klFZCyX54gjYzX4TH+f2uzXjRviLARxkMurA2bA==",
      "dev": true
    },
    "postcss-discard-empty": {
      "version": "5.0.1",
      "resolved": "https://registry.npmjs.org/postcss-discard-empty/-/postcss-discard-empty-5.0.1.tgz",
      "integrity": "sha512-vfU8CxAQ6YpMxV2SvMcMIyF2LX1ZzWpy0lqHDsOdaKKLQVQGVP1pzhrI9JlsO65s66uQTfkQBKBD/A5gp9STFw==",
      "dev": true
    },
    "postcss-discard-overridden": {
      "version": "5.0.1",
      "resolved": "https://registry.npmjs.org/postcss-discard-overridden/-/postcss-discard-overridden-5.0.1.tgz",
      "integrity": "sha512-Y28H7y93L2BpJhrdUR2SR2fnSsT+3TVx1NmVQLbcnZWwIUpJ7mfcTC6Za9M2PG6w8j7UQRfzxqn8jU2VwFxo3Q==",
      "dev": true
    },
    "postcss-merge-longhand": {
      "version": "5.0.2",
      "resolved": "https://registry.npmjs.org/postcss-merge-longhand/-/postcss-merge-longhand-5.0.2.tgz",
      "integrity": "sha512-BMlg9AXSI5G9TBT0Lo/H3PfUy63P84rVz3BjCFE9e9Y9RXQZD3+h3YO1kgTNsNJy7bBc1YQp8DmSnwLIW5VPcw==",
      "dev": true,
      "requires": {
        "css-color-names": "^1.0.1",
        "postcss-value-parser": "^4.1.0",
        "stylehacks": "^5.0.1"
      }
    },
    "postcss-merge-rules": {
      "version": "5.0.2",
      "resolved": "https://registry.npmjs.org/postcss-merge-rules/-/postcss-merge-rules-5.0.2.tgz",
      "integrity": "sha512-5K+Md7S3GwBewfB4rjDeol6V/RZ8S+v4B66Zk2gChRqLTCC8yjnHQ601omj9TKftS19OPGqZ/XzoqpzNQQLwbg==",
      "dev": true,
      "requires": {
        "browserslist": "^4.16.6",
        "caniuse-api": "^3.0.0",
        "cssnano-utils": "^2.0.1",
        "postcss-selector-parser": "^6.0.5",
        "vendors": "^1.0.3"
      }
    },
    "postcss-minify-font-values": {
      "version": "5.0.1",
      "resolved": "https://registry.npmjs.org/postcss-minify-font-values/-/postcss-minify-font-values-5.0.1.tgz",
      "integrity": "sha512-7JS4qIsnqaxk+FXY1E8dHBDmraYFWmuL6cgt0T1SWGRO5bzJf8sUoelwa4P88LEWJZweHevAiDKxHlofuvtIoA==",
      "dev": true,
      "requires": {
        "postcss-value-parser": "^4.1.0"
      }
    },
    "postcss-minify-gradients": {
      "version": "5.0.2",
      "resolved": "https://registry.npmjs.org/postcss-minify-gradients/-/postcss-minify-gradients-5.0.2.tgz",
      "integrity": "sha512-7Do9JP+wqSD6Prittitt2zDLrfzP9pqKs2EcLX7HJYxsxCOwrrcLt4x/ctQTsiOw+/8HYotAoqNkrzItL19SdQ==",
      "dev": true,
      "requires": {
        "colord": "^2.6",
        "cssnano-utils": "^2.0.1",
        "postcss-value-parser": "^4.1.0"
      }
    },
    "postcss-minify-params": {
      "version": "5.0.1",
      "resolved": "https://registry.npmjs.org/postcss-minify-params/-/postcss-minify-params-5.0.1.tgz",
      "integrity": "sha512-4RUC4k2A/Q9mGco1Z8ODc7h+A0z7L7X2ypO1B6V8057eVK6mZ6xwz6QN64nHuHLbqbclkX1wyzRnIrdZehTEHw==",
      "dev": true,
      "requires": {
        "alphanum-sort": "^1.0.2",
        "browserslist": "^4.16.0",
        "cssnano-utils": "^2.0.1",
        "postcss-value-parser": "^4.1.0",
        "uniqs": "^2.0.0"
      }
    },
    "postcss-minify-selectors": {
      "version": "5.1.0",
      "resolved": "https://registry.npmjs.org/postcss-minify-selectors/-/postcss-minify-selectors-5.1.0.tgz",
      "integrity": "sha512-NzGBXDa7aPsAcijXZeagnJBKBPMYLaJJzB8CQh6ncvyl2sIndLVWfbcDi0SBjRWk5VqEjXvf8tYwzoKf4Z07og==",
      "dev": true,
      "requires": {
        "alphanum-sort": "^1.0.2",
        "postcss-selector-parser": "^6.0.5"
      }
    },
    "postcss-normalize-charset": {
      "version": "5.0.1",
      "resolved": "https://registry.npmjs.org/postcss-normalize-charset/-/postcss-normalize-charset-5.0.1.tgz",
      "integrity": "sha512-6J40l6LNYnBdPSk+BHZ8SF+HAkS4q2twe5jnocgd+xWpz/mx/5Sa32m3W1AA8uE8XaXN+eg8trIlfu8V9x61eg==",
      "dev": true
    },
    "postcss-normalize-display-values": {
      "version": "5.0.1",
      "resolved": "https://registry.npmjs.org/postcss-normalize-display-values/-/postcss-normalize-display-values-5.0.1.tgz",
      "integrity": "sha512-uupdvWk88kLDXi5HEyI9IaAJTE3/Djbcrqq8YgjvAVuzgVuqIk3SuJWUisT2gaJbZm1H9g5k2w1xXilM3x8DjQ==",
      "dev": true,
      "requires": {
        "cssnano-utils": "^2.0.1",
        "postcss-value-parser": "^4.1.0"
      }
    },
    "postcss-normalize-positions": {
      "version": "5.0.1",
      "resolved": "https://registry.npmjs.org/postcss-normalize-positions/-/postcss-normalize-positions-5.0.1.tgz",
      "integrity": "sha512-rvzWAJai5xej9yWqlCb1OWLd9JjW2Ex2BCPzUJrbaXmtKtgfL8dBMOOMTX6TnvQMtjk3ei1Lswcs78qKO1Skrg==",
      "dev": true,
      "requires": {
        "postcss-value-parser": "^4.1.0"
      }
    },
    "postcss-normalize-repeat-style": {
      "version": "5.0.1",
      "resolved": "https://registry.npmjs.org/postcss-normalize-repeat-style/-/postcss-normalize-repeat-style-5.0.1.tgz",
      "integrity": "sha512-syZ2itq0HTQjj4QtXZOeefomckiV5TaUO6ReIEabCh3wgDs4Mr01pkif0MeVwKyU/LHEkPJnpwFKRxqWA/7O3w==",
      "dev": true,
      "requires": {
        "cssnano-utils": "^2.0.1",
        "postcss-value-parser": "^4.1.0"
      }
    },
    "postcss-normalize-string": {
      "version": "5.0.1",
      "resolved": "https://registry.npmjs.org/postcss-normalize-string/-/postcss-normalize-string-5.0.1.tgz",
      "integrity": "sha512-Ic8GaQ3jPMVl1OEn2U//2pm93AXUcF3wz+OriskdZ1AOuYV25OdgS7w9Xu2LO5cGyhHCgn8dMXh9bO7vi3i9pA==",
      "dev": true,
      "requires": {
        "postcss-value-parser": "^4.1.0"
      }
    },
    "postcss-normalize-timing-functions": {
      "version": "5.0.1",
      "resolved": "https://registry.npmjs.org/postcss-normalize-timing-functions/-/postcss-normalize-timing-functions-5.0.1.tgz",
      "integrity": "sha512-cPcBdVN5OsWCNEo5hiXfLUnXfTGtSFiBU9SK8k7ii8UD7OLuznzgNRYkLZow11BkQiiqMcgPyh4ZqXEEUrtQ1Q==",
      "dev": true,
      "requires": {
        "cssnano-utils": "^2.0.1",
        "postcss-value-parser": "^4.1.0"
      }
    },
    "postcss-normalize-unicode": {
      "version": "5.0.1",
      "resolved": "https://registry.npmjs.org/postcss-normalize-unicode/-/postcss-normalize-unicode-5.0.1.tgz",
      "integrity": "sha512-kAtYD6V3pK0beqrU90gpCQB7g6AOfP/2KIPCVBKJM2EheVsBQmx/Iof+9zR9NFKLAx4Pr9mDhogB27pmn354nA==",
      "dev": true,
      "requires": {
        "browserslist": "^4.16.0",
        "postcss-value-parser": "^4.1.0"
      }
    },
    "postcss-normalize-url": {
      "version": "5.0.2",
      "resolved": "https://registry.npmjs.org/postcss-normalize-url/-/postcss-normalize-url-5.0.2.tgz",
      "integrity": "sha512-k4jLTPUxREQ5bpajFQZpx8bCF2UrlqOTzP9kEqcEnOfwsRshWs2+oAFIHfDQB8GO2PaUaSE0NlTAYtbluZTlHQ==",
      "dev": true,
      "requires": {
        "is-absolute-url": "^3.0.3",
        "normalize-url": "^6.0.1",
        "postcss-value-parser": "^4.1.0"
      }
    },
    "postcss-normalize-whitespace": {
      "version": "5.0.1",
      "resolved": "https://registry.npmjs.org/postcss-normalize-whitespace/-/postcss-normalize-whitespace-5.0.1.tgz",
      "integrity": "sha512-iPklmI5SBnRvwceb/XH568yyzK0qRVuAG+a1HFUsFRf11lEJTiQQa03a4RSCQvLKdcpX7XsI1Gen9LuLoqwiqA==",
      "dev": true,
      "requires": {
        "postcss-value-parser": "^4.1.0"
      }
    },
    "postcss-ordered-values": {
      "version": "5.0.2",
      "resolved": "https://registry.npmjs.org/postcss-ordered-values/-/postcss-ordered-values-5.0.2.tgz",
      "integrity": "sha512-8AFYDSOYWebJYLyJi3fyjl6CqMEG/UVworjiyK1r573I56kb3e879sCJLGvR3merj+fAdPpVplXKQZv+ey6CgQ==",
      "dev": true,
      "requires": {
        "cssnano-utils": "^2.0.1",
        "postcss-value-parser": "^4.1.0"
      }
    },
    "postcss-reduce-initial": {
      "version": "5.0.1",
      "resolved": "https://registry.npmjs.org/postcss-reduce-initial/-/postcss-reduce-initial-5.0.1.tgz",
      "integrity": "sha512-zlCZPKLLTMAqA3ZWH57HlbCjkD55LX9dsRyxlls+wfuRfqCi5mSlZVan0heX5cHr154Dq9AfbH70LyhrSAezJw==",
      "dev": true,
      "requires": {
        "browserslist": "^4.16.0",
        "caniuse-api": "^3.0.0"
      }
    },
    "postcss-reduce-transforms": {
      "version": "5.0.1",
      "resolved": "https://registry.npmjs.org/postcss-reduce-transforms/-/postcss-reduce-transforms-5.0.1.tgz",
      "integrity": "sha512-a//FjoPeFkRuAguPscTVmRQUODP+f3ke2HqFNgGPwdYnpeC29RZdCBvGRGTsKpMURb/I3p6jdKoBQ2zI+9Q7kA==",
      "dev": true,
      "requires": {
        "cssnano-utils": "^2.0.1",
        "postcss-value-parser": "^4.1.0"
      }
    },
    "postcss-selector-parser": {
      "version": "6.0.6",
      "resolved": "https://registry.npmjs.org/postcss-selector-parser/-/postcss-selector-parser-6.0.6.tgz",
      "integrity": "sha512-9LXrvaaX3+mcv5xkg5kFwqSzSH1JIObIx51PrndZwlmznwXRfxMddDvo9gve3gVR8ZTKgoFDdWkbRFmEhT4PMg==",
      "dev": true,
      "requires": {
        "cssesc": "^3.0.0",
        "util-deprecate": "^1.0.2"
      }
    },
    "postcss-svgo": {
      "version": "5.0.2",
      "resolved": "https://registry.npmjs.org/postcss-svgo/-/postcss-svgo-5.0.2.tgz",
      "integrity": "sha512-YzQuFLZu3U3aheizD+B1joQ94vzPfE6BNUcSYuceNxlVnKKsOtdo6hL9/zyC168Q8EwfLSgaDSalsUGa9f2C0A==",
      "dev": true,
      "requires": {
        "postcss-value-parser": "^4.1.0",
        "svgo": "^2.3.0"
      }
    },
    "postcss-unique-selectors": {
      "version": "5.0.1",
      "resolved": "https://registry.npmjs.org/postcss-unique-selectors/-/postcss-unique-selectors-5.0.1.tgz",
      "integrity": "sha512-gwi1NhHV4FMmPn+qwBNuot1sG1t2OmacLQ/AX29lzyggnjd+MnVD5uqQmpXO3J17KGL2WAxQruj1qTd3H0gG/w==",
      "dev": true,
      "requires": {
        "alphanum-sort": "^1.0.2",
        "postcss-selector-parser": "^6.0.5",
        "uniqs": "^2.0.0"
      }
    },
    "postcss-value-parser": {
      "version": "4.1.0",
      "resolved": "https://registry.npmjs.org/postcss-value-parser/-/postcss-value-parser-4.1.0.tgz",
      "integrity": "sha512-97DXOFbQJhk71ne5/Mt6cOu6yxsSfM0QGQyl0L25Gca4yGWEGJaig7l7gbCX623VqTBNGLRLaVUCnNkcedlRSQ==",
      "dev": true
    },
    "source-map": {
      "version": "0.6.1",
      "resolved": "https://registry.npmjs.org/source-map/-/source-map-0.6.1.tgz",
      "integrity": "sha512-UjgapumWlbMhkBgzT7Ykc5YXUT46F0iKu8SGXq0bcwP5dz/h0Plj6enJqjz1Zbq2l5WaqYnrVbwWOWMyF3F47g==",
      "dev": true
    },
    "source-map-js": {
      "version": "0.6.2",
      "resolved": "https://registry.npmjs.org/source-map-js/-/source-map-js-0.6.2.tgz",
      "integrity": "sha512-/3GptzWzu0+0MBQFrDKzw/DvvMTUORvgY6k6jd/VS6iCR4RDTKWH6v6WPwQoUO8667uQEf9Oe38DxAYWY5F/Ug==",
      "dev": true
    },
    "stable": {
      "version": "0.1.8",
      "resolved": "https://registry.npmjs.org/stable/-/stable-0.1.8.tgz",
      "integrity": "sha512-ji9qxRnOVfcuLDySj9qzhGSEFVobyt1kIOSkj1qZzYLzq7Tos/oUUWvotUPQLlrsidqsK6tBH89Bc9kL5zHA6w==",
      "dev": true
    },
    "stylehacks": {
      "version": "5.0.1",
      "resolved": "https://registry.npmjs.org/stylehacks/-/stylehacks-5.0.1.tgz",
      "integrity": "sha512-Es0rVnHIqbWzveU1b24kbw92HsebBepxfcqe5iix7t9j0PQqhs0IxXVXv0pY2Bxa08CgMkzD6OWql7kbGOuEdA==",
      "dev": true,
      "requires": {
        "browserslist": "^4.16.0",
        "postcss-selector-parser": "^6.0.4"
      }
    },
    "svgo": {
      "version": "2.4.0",
      "resolved": "https://registry.npmjs.org/svgo/-/svgo-2.4.0.tgz",
      "integrity": "sha512-W25S1UUm9Lm9VnE0TvCzL7aso/NCzDEaXLaElCUO/KaVitw0+IBicSVfM1L1c0YHK5TOFh73yQ2naCpVHEQ/OQ==",
      "dev": true,
      "requires": {
        "@trysound/sax": "0.1.1",
        "colorette": "^1.2.2",
        "commander": "^7.1.0",
        "css-select": "^4.1.3",
        "css-tree": "^1.1.2",
        "csso": "^4.2.0",
        "stable": "^0.1.8"
      }
    },
    "tasks": {
      "version": "0.0.3",
      "resolved": "https://registry.npmjs.org/tasks/-/tasks-0.0.3.tgz",
      "integrity": "sha1-+U8TJw7bynZz0GECuiiQEpCYfcQ="
    },
    "timsort": {
      "version": "0.3.0",
      "resolved": "https://registry.npmjs.org/timsort/-/timsort-0.3.0.tgz",
      "integrity": "sha1-QFQRqOfmM5/mTbmiNN4R3DHgK9Q=",
      "dev": true
    },
    "uniqs": {
      "version": "2.0.0",
      "resolved": "https://registry.npmjs.org/uniqs/-/uniqs-2.0.0.tgz",
      "integrity": "sha1-/+3ks2slKQaW5uFl1KWe25mOawI=",
      "dev": true
    },
    "util-deprecate": {
      "version": "1.0.2",
      "resolved": "https://registry.npmjs.org/util-deprecate/-/util-deprecate-1.0.2.tgz",
      "integrity": "sha1-RQ1Nyfpw3nMnYvvS1KKJgUGaDM8=",
      "dev": true
    },
    "vendors": {
      "version": "1.0.4",
      "resolved": "https://registry.npmjs.org/vendors/-/vendors-1.0.4.tgz",
      "integrity": "sha512-/juG65kTL4Cy2su4P8HjtkTxk6VmJDiOPBufWniqQ6wknac6jNiXS9vU+hO3wgusiyqWlzTbVHi0dyJqRONg3w==",
      "dev": true
    },
    "yaml": {
      "version": "1.10.2",
      "resolved": "https://registry.npmjs.org/yaml/-/yaml-1.10.2.tgz",
      "integrity": "sha512-r3vXyErRCYJ7wg28yvBY5VSoAF8ZvlcW9/BwUzEtUsjvX/DKs24dIkuwjtuprwJJHsbyUbLApepYTR1BN4uHrg==",
      "dev": true
    }
  }
}
